
Microsoft Visual Studio Solution File, Format Version 12.00
# Visual Studio 15
VisualStudioVersion = 15.0.26430.16
MinimumVisualStudioVersion = 10.0.40219.1
Project("{FAE04EC0-301F-11D3-BF4B-00C04F79EFBC}") = "WebFormsAPP", "WebFormsAPP\WebFormsAPP.csproj", "{6A15C0A7-1296-43A6-8132-91EC7965D768}"
EndProject
Project("{FAE04EC0-301F-11D3-BF4B-00C04F79EFBC}") = "Modelo", "Modelo\Modelo.csproj", "{29EA7309-DBBF-441A-AACD-4850666D4019}"
EndProject
Project("{FAE04EC0-301F-11D3-BF4B-00C04F79EFBC}") = "DesktopApp", "DesktopApp\DesktopApp.csproj", "{5F623500-8975-4421-9687-C0DCFBECF1DA}"
EndProject
Global
	GlobalSection(SolutionConfigurationPlatforms) = preSolution
		Debug|Any CPU = Debug|Any CPU
		Release|Any CPU = Release|Any CPU
	EndGlobalSection
	GlobalSection(ProjectConfigurationPlatforms) = postSolution
		{6A15C0A7-1296-43A6-8132-91EC7965D768}.Debug|Any CPU.ActiveCfg = Debug|Any CPU
		{6A15C0A7-1296-43A6-8132-91EC7965D768}.Debug|Any CPU.Build.0 = Debug|Any CPU
		{6A15C0A7-1296-43A6-8132-91EC7965D768}.Release|Any CPU.ActiveCfg = Release|Any CPU
		{6A15C0A7-1296-43A6-8132-91EC7965D768}.Release|Any CPU.Build.0 = Release|Any CPU
		{29EA7309-DBBF-441A-AACD-4850666D4019}.Debug|Any CPU.ActiveCfg = Debug|Any CPU
		{29EA7309-DBBF-441A-AACD-4850666D4019}.Debug|Any CPU.Build.0 = Debug|Any CPU
		{29EA7309-DBBF-441A-AACD-4850666D4019}.Release|Any CPU.ActiveCfg = Release|Any CPU
		{29EA7309-DBBF-441A-AACD-4850666D4019}.Release|Any CPU.Build.0 = Release|Any CPU
		{5F623500-8975-4421-9687-C0DCFBECF1DA}.Debug|Any CPU.ActiveCfg = Debug|Any CPU
		{5F623500-8975-4421-9687-C0DCFBECF1DA}.Debug|Any CPU.Build.0 = Debug|Any CPU
		{5F623500-8975-4421-9687-C0DCFBECF1DA}.Release|Any CPU.ActiveCfg = Release|Any CPU
		{5F623500-8975-4421-9687-C0DCFBECF1DA}.Release|Any CPU.Build.0 = Release|Any CPU
	EndGlobalSection
	GlobalSection(SolutionProperties) = preSolution
		HideSolutionNode = FALSE
	EndGlobalSection
EndGlobal
